
Microsoft Visual Studio Solution File, Format Version 12.00
# Visual Studio Version 16
VisualStudioVersion = 16.0.29709.97
MinimumVisualStudioVersion = 10.0.40219.1
Project("{FAE04EC0-301F-11D3-BF4B-00C04F79EFBC}") = "Planner", "Planner\Planner.csproj", "{B8BB426F-3482-405E-BE67-64D611960077}"
EndProject
Project("{FAE04EC0-301F-11D3-BF4B-00C04F79EFBC}") = "WpfExtensions", "WpfExtension\WpfExtensions.csproj", "{96747E5E-3A48-4743-BEA0-FCB636B47D66}"
EndProject
Global
	GlobalSection(SolutionConfigurationPlatforms) = preSolution
		Debug|Any CPU = Debug|Any CPU
		Release|Any CPU = Release|Any CPU
	EndGlobalSection
	GlobalSection(ProjectConfigurationPlatforms) = postSolution
		{B8BB426F-3482-405E-BE67-64D611960077}.Debug|Any CPU.ActiveCfg = Debug|Any CPU
		{B8BB426F-3482-405E-BE67-64D611960077}.Debug|Any CPU.Build.0 = Debug|Any CPU
		{B8BB426F-3482-405E-BE67-64D611960077}.Release|Any CPU.ActiveCfg = Release|Any CPU
		{B8BB426F-3482-405E-BE67-64D611960077}.Release|Any CPU.Build.0 = Release|Any CPU
		{96747E5E-3A48-4743-BEA0-FCB636B47D66}.Debug|Any CPU.ActiveCfg = Debug|Any CPU
		{96747E5E-3A48-4743-BEA0-FCB636B47D66}.Debug|Any CPU.Build.0 = Debug|Any CPU
		{96747E5E-3A48-4743-BEA0-FCB636B47D66}.Release|Any CPU.ActiveCfg = Release|Any CPU
		{96747E5E-3A48-4743-BEA0-FCB636B47D66}.Release|Any CPU.Build.0 = Release|Any CPU
	EndGlobalSection
	GlobalSection(SolutionProperties) = preSolution
		HideSolutionNode = FALSE
	EndGlobalSection
	GlobalSection(ExtensibilityGlobals) = postSolution
		SolutionGuid = {FDF35E59-F279-462B-806E-BFACED58E6A7}
	EndGlobalSection
EndGlobal
